// !$*UTF8*$!
{
	archiveVersion = 1;
	classes = {
	};
	objectVersion = 50;
	objects = {

/* Begin PBXBuildFile section */
		AB95AB2E258E007000C3B683 /* Category.storyboard in Resources */ = {isa = PBXBuildFile; fileRef = AB95AB2D258E007000C3B683 /* Category.storyboard */; };
		ABB75EE62587E611009AA582 /* AppDelegate.swift in Sources */ = {isa = PBXBuildFile; fileRef = ABB75EE52587E611009AA582 /* AppDelegate.swift */; };
		ABB75EE82587E611009AA582 /* SceneDelegate.swift in Sources */ = {isa = PBXBuildFile; fileRef = ABB75EE72587E611009AA582 /* SceneDelegate.swift */; };
		ABB75EEA2587E611009AA582 /* ViewController.swift in Sources */ = {isa = PBXBuildFile; fileRef = ABB75EE92587E611009AA582 /* ViewController.swift */; };
		ABB75EEF2587E618009AA582 /* Assets.xcassets in Resources */ = {isa = PBXBuildFile; fileRef = ABB75EEE2587E618009AA582 /* Assets.xcassets */; };
		ABB75EF22587E618009AA582 /* LaunchScreen.storyboard in Resources */ = {isa = PBXBuildFile; fileRef = ABB75EF02587E618009AA582 /* LaunchScreen.storyboard */; };
		ABB75F032587E78B009AA582 /* CategoryPresenter.swift in Sources */ = {isa = PBXBuildFile; fileRef = ABB75EFC2587E78B009AA582 /* CategoryPresenter.swift */; };
		ABB75F042587E78B009AA582 /* CategoryWorker.swift in Sources */ = {isa = PBXBuildFile; fileRef = ABB75EFD2587E78B009AA582 /* CategoryWorker.swift */; };
		ABB75F052587E78B009AA582 /* CategoryRouter.swift in Sources */ = {isa = PBXBuildFile; fileRef = ABB75EFE2587E78B009AA582 /* CategoryRouter.swift */; };
		ABB75F062587E78B009AA582 /* CategoryModels.swift in Sources */ = {isa = PBXBuildFile; fileRef = ABB75EFF2587E78B009AA582 /* CategoryModels.swift */; };
		ABB75F072587E78B009AA582 /* CategoryViewController.swift in Sources */ = {isa = PBXBuildFile; fileRef = ABB75F002587E78B009AA582 /* CategoryViewController.swift */; };
		ABB75F082587E78B009AA582 /* CategoryInteractor.swift in Sources */ = {isa = PBXBuildFile; fileRef = ABB75F012587E78B009AA582 /* CategoryInteractor.swift */; };
		ABB75F092587E78B009AA582 /* CategoryViewController.xib in Resources */ = {isa = PBXBuildFile; fileRef = ABB75F022587E78B009AA582 /* CategoryViewController.xib */; };
		D07CD9ACA383803A32968C33 /* libPods-testIMG.a in Frameworks */ = {isa = PBXBuildFile; fileRef = 57DA308DB6742B641F73D65A /* libPods-testIMG.a */; };
/* End PBXBuildFile section */

/* Begin PBXFileReference section */
		2E52A47BDCF7572E814C7524 /* Pods-testIMG.debug.xcconfig */ = {isa = PBXFileReference; includeInIndex = 1; lastKnownFileType = text.xcconfig; name = "Pods-testIMG.debug.xcconfig"; path = "Target Support Files/Pods-testIMG/Pods-testIMG.debug.xcconfig"; sourceTree = "<group>"; };
		57DA308DB6742B641F73D65A /* libPods-testIMG.a */ = {isa = PBXFileReference; explicitFileType = archive.ar; includeInIndex = 0; path = "libPods-testIMG.a"; sourceTree = BUILT_PRODUCTS_DIR; };
		5D2908D94910AD4A1E4E160A /* Pods-testIMG.release.xcconfig */ = {isa = PBXFileReference; includeInIndex = 1; lastKnownFileType = text.xcconfig; name = "Pods-testIMG.release.xcconfig"; path = "Target Support Files/Pods-testIMG/Pods-testIMG.release.xcconfig"; sourceTree = "<group>"; };
		AB95AB2D258E007000C3B683 /* Category.storyboard */ = {isa = PBXFileReference; lastKnownFileType = file.storyboard; path = Category.storyboard; sourceTree = "<group>"; };
		ABB75EE22587E611009AA582 /* testIMG.app */ = {isa = PBXFileReference; explicitFileType = wrapper.application; includeInIndex = 0; path = testIMG.app; sourceTree = BUILT_PRODUCTS_DIR; };
		ABB75EE52587E611009AA582 /* AppDelegate.swift */ = {isa = PBXFileReference; lastKnownFileType = sourcecode.swift; path = AppDelegate.swift; sourceTree = "<group>"; };
		ABB75EE72587E611009AA582 /* SceneDelegate.swift */ = {isa = PBXFileReference; lastKnownFileType = sourcecode.swift; path = SceneDelegate.swift; sourceTree = "<group>"; };
		ABB75EE92587E611009AA582 /* ViewController.swift */ = {isa = PBXFileReference; lastKnownFileType = sourcecode.swift; path = ViewController.swift; sourceTree = "<group>"; };
		ABB75EEE2587E618009AA582 /* Assets.xcassets */ = {isa = PBXFileReference; lastKnownFileType = folder.assetcatalog; path = Assets.xcassets; sourceTree = "<group>"; };
		ABB75EF12587E618009AA582 /* Base */ = {isa = PBXFileReference; lastKnownFileType = file.storyboard; name = Base; path = Base.lproj/LaunchScreen.storyboard; sourceTree = "<group>"; };
		ABB75EF32587E618009AA582 /* Info.plist */ = {isa = PBXFileReference; lastKnownFileType = text.plist.xml; path = Info.plist; sourceTree = "<group>"; };
		ABB75EFC2587E78B009AA582 /* CategoryPresenter.swift */ = {isa = PBXFileReference; lastKnownFileType = sourcecode.swift; path = CategoryPresenter.swift; sourceTree = "<group>"; };
		ABB75EFD2587E78B009AA582 /* CategoryWorker.swift */ = {isa = PBXFileReference; lastKnownFileType = sourcecode.swift; path = CategoryWorker.swift; sourceTree = "<group>"; };
		ABB75EFE2587E78B009AA582 /* CategoryRouter.swift */ = {isa = PBXFileReference; lastKnownFileType = sourcecode.swift; path = CategoryRouter.swift; sourceTree = "<group>"; };
		ABB75EFF2587E78B009AA582 /* CategoryModels.swift */ = {isa = PBXFileReference; lastKnownFileType = sourcecode.swift; path = CategoryModels.swift; sourceTree = "<group>"; };
		ABB75F002587E78B009AA582 /* CategoryViewController.swift */ = {isa = PBXFileReference; lastKnownFileType = sourcecode.swift; path = CategoryViewController.swift; sourceTree = "<group>"; };
		ABB75F012587E78B009AA582 /* CategoryInteractor.swift */ = {isa = PBXFileReference; lastKnownFileType = sourcecode.swift; path = CategoryInteractor.swift; sourceTree = "<group>"; };
		ABB75F022587E78B009AA582 /* CategoryViewController.xib */ = {isa = PBXFileReference; lastKnownFileType = file.xib; path = CategoryViewController.xib; sourceTree = "<group>"; };
/* End PBXFileReference section */

/* Begin PBXFrameworksBuildPhase section */
		ABB75EDF2587E611009AA582 /* Frameworks */ = {
			isa = PBXFrameworksBuildPhase;
			buildActionMask = 2147483647;
			files = (
				D07CD9ACA383803A32968C33 /* libPods-testIMG.a in Frameworks */,
			);
			runOnlyForDeploymentPostprocessing = 0;
		};
/* End PBXFrameworksBuildPhase section */

/* Begin PBXGroup section */
		14B1654FFFFAC17F3392C0F6 /* Frameworks */ = {
			isa = PBXGroup;
			children = (
				57DA308DB6742B641F73D65A /* libPods-testIMG.a */,
			);
			name = Frameworks;
			sourceTree = "<group>";
		};
		ABB75ED92587E611009AA582 = {
			isa = PBXGroup;
			children = (
				ABB75EE42587E611009AA582 /* testIMG */,
				ABB75EE32587E611009AA582 /* Products */,
				FA8E3526EA72EA8AB465B33D /* Pods */,
				14B1654FFFFAC17F3392C0F6 /* Frameworks */,
			);
			sourceTree = "<group>";
		};
		ABB75EE32587E611009AA582 /* Products */ = {
			isa = PBXGroup;
			children = (
				ABB75EE22587E611009AA582 /* testIMG.app */,
			);
			name = Products;
			sourceTree = "<group>";
		};
		ABB75EE42587E611009AA582 /* testIMG */ = {
			isa = PBXGroup;
			children = (
				ABB75EE52587E611009AA582 /* AppDelegate.swift */,
				ABB75EFB2587E652009AA582 /* Category */,
				ABB75EE72587E611009AA582 /* SceneDelegate.swift */,
				ABB75EE92587E611009AA582 /* ViewController.swift */,
				ABB75EEE2587E618009AA582 /* Assets.xcassets */,
				ABB75EF02587E618009AA582 /* LaunchScreen.storyboard */,
				ABB75EF32587E618009AA582 /* Info.plist */,
			);
			path = testIMG;
			sourceTree = "<group>";
		};
		ABB75EFB2587E652009AA582 /* Category */ = {
			isa = PBXGroup;
			children = (
				ABB75F022587E78B009AA582 /* CategoryViewController.xib */,
				AB95AB2D258E007000C3B683 /* Category.storyboard */,
				ABB75F002587E78B009AA582 /* CategoryViewController.swift */,
				ABB75F012587E78B009AA582 /* CategoryInteractor.swift */,
				ABB75EFC2587E78B009AA582 /* CategoryPresenter.swift */,
				ABB75EFD2587E78B009AA582 /* CategoryWorker.swift */,
				ABB75EFE2587E78B009AA582 /* CategoryRouter.swift */,
				ABB75EFF2587E78B009AA582 /* CategoryModels.swift */,
			);
			path = Category;
			sourceTree = "<group>";
		};
		FA8E3526EA72EA8AB465B33D /* Pods */ = {
			isa = PBXGroup;
			children = (
				2E52A47BDCF7572E814C7524 /* Pods-testIMG.debug.xcconfig */,
				5D2908D94910AD4A1E4E160A /* Pods-testIMG.release.xcconfig */,
			);
			name = Pods;
			path = Pods;
			sourceTree = "<group>";
		};
/* End PBXGroup section */

/* Begin PBXNativeTarget section */
		ABB75EE12587E611009AA582 /* testIMG */ = {
			isa = PBXNativeTarget;
			buildConfigurationList = ABB75EF62587E618009AA582 /* Build configuration list for PBXNativeTarget "testIMG" */;
			buildPhases = (
				FAE8C84FAEFADE524BFED826 /* [CP] Check Pods Manifest.lock */,
				ABB75EDE2587E611009AA582 /* Sources */,
				ABB75EDF2587E611009AA582 /* Frameworks */,
				ABB75EE02587E611009AA582 /* Resources */,
				A9EB7DC0163168BCE305D516 /* [CP] Copy Pods Resources */,
			);
			buildRules = (
			);
			dependencies = (
			);
			name = testIMG;
			productName = testIMG;
			productReference = ABB75EE22587E611009AA582 /* testIMG.app */;
			productType = "com.apple.product-type.application";
		};
/* End PBXNativeTarget section */

/* Begin PBXProject section */
		ABB75EDA2587E611009AA582 /* Project object */ = {
			isa = PBXProject;
			attributes = {
				LastSwiftUpdateCheck = 1220;
				LastUpgradeCheck = 1220;
				TargetAttributes = {
					ABB75EE12587E611009AA582 = {
						CreatedOnToolsVersion = 12.2;
					};
				};
			};
			buildConfigurationList = ABB75EDD2587E611009AA582 /* Build configuration list for PBXProject "testIMG" */;
			compatibilityVersion = "Xcode 9.3";
			developmentRegion = en;
			hasScannedForEncodings = 0;
			knownRegions = (
				en,
				Base,
			);
			mainGroup = ABB75ED92587E611009AA582;
			productRefGroup = ABB75EE32587E611009AA582 /* Products */;
			projectDirPath = "";
			projectRoot = "";
			targets = (
				ABB75EE12587E611009AA582 /* testIMG */,
			);
		};
/* End PBXProject section */

/* Begin PBXResourcesBuildPhase section */
		ABB75EE02587E611009AA582 /* Resources */ = {
			isa = PBXResourcesBuildPhase;
			buildActionMask = 2147483647;
			files = (
				AB95AB2E258E007000C3B683 /* Category.storyboard in Resources */,
				ABB75F092587E78B009AA582 /* CategoryViewController.xib in Resources */,
				ABB75EF22587E618009AA582 /* LaunchScreen.storyboard in Resources */,
				ABB75EEF2587E618009AA582 /* Assets.xcassets in Resources */,
			);
			runOnlyForDeploymentPostprocessing = 0;
		};
/* End PBXResourcesBuildPhase section */

/* Begin PBXShellScriptBuildPhase section */
		A9EB7DC0163168BCE305D516 /* [CP] Copy Pods Resources */ = {
			isa = PBXShellScriptBuildPhase;
			buildActionMask = 2147483647;
			files = (
			);
			inputFileListPaths = (
				"${PODS_ROOT}/Target Support Files/Pods-testIMG/Pods-testIMG-resources-${CONFIGURATION}-input-files.xcfilelist",
			);
			name = "[CP] Copy Pods Resources";
			outputFileListPaths = (
				"${PODS_ROOT}/Target Support Files/Pods-testIMG/Pods-testIMG-resources-${CONFIGURATION}-output-files.xcfilelist",
			);
			runOnlyForDeploymentPostprocessing = 0;
			shellPath = /bin/sh;
			shellScript = "\"${PODS_ROOT}/Target Support Files/Pods-testIMG/Pods-testIMG-resources.sh\"\n";
			showEnvVarsInLog = 0;
		};
		FAE8C84FAEFADE524BFED826 /* [CP] Check Pods Manifest.lock */ = {
			isa = PBXShellScriptBuildPhase;
			buildActionMask = 2147483647;
			files = (
			);
			inputFileListPaths = (
			);
			inputPaths = (
				"${PODS_PODFILE_DIR_PATH}/Podfile.lock",
				"${PODS_ROOT}/Manifest.lock",
			);
			name = "[CP] Check Pods Manifest.lock";
			outputFileListPaths = (
			);
			outputPaths = (
				"$(DERIVED_FILE_DIR)/Pods-testIMG-checkManifestLockResult.txt",
			);
			runOnlyForDeploymentPostprocessing = 0;
			shellPath = /bin/sh;
			shellScript = "diff \"${PODS_PODFILE_DIR_PATH}/Podfile.lock\" \"${PODS_ROOT}/Manifest.lock\" > /dev/null\nif [ $? != 0 ] ; then\n    # print error to STDERR\n    echo \"error: The sandbox is not in sync with the Podfile.lock. Run 'pod install' or update your CocoaPods installation.\" >&2\n    exit 1\nfi\n# This output is used by Xcode 'outputs' to avoid re-running this script phase.\necho \"SUCCESS\" > \"${SCRIPT_OUTPUT_FILE_0}\"\n";
			showEnvVarsInLog = 0;
		};
/* End PBXShellScriptBuildPhase section */

/* Begin PBXSourcesBuildPhase section */
		ABB75EDE2587E611009AA582 /* Sources */ = {
			isa = PBXSourcesBuildPhase;
			buildActionMask = 2147483647;
			files = (
				ABB75F082587E78B009AA582 /* CategoryInteractor.swift in Sources */,
				ABB75F032587E78B009AA582 /* CategoryPresenter.swift in Sources */,
				ABB75F042587E78B009AA582 /* CategoryWorker.swift in Sources */,
				ABB75F052587E78B009AA582 /* CategoryRouter.swift in Sources */,
				ABB75EEA2587E611009AA582 /* ViewController.swift in Sources */,
				ABB75F072587E78B009AA582 /* CategoryViewController.swift in Sources */,
				ABB75F062587E78B009AA582 /* CategoryModels.swift in Sources */,
				ABB75EE62587E611009AA582 /* AppDelegate.swift in Sources */,
				ABB75EE82587E611009AA582 /* SceneDelegate.swift in Sources */,
			);
			runOnlyForDeploymentPostprocessing = 0;
		};
/* End PBXSourcesBuildPhase section */

/* Begin PBXVariantGroup section */
		ABB75EF02587E618009AA582 /* LaunchScreen.storyboard */ = {
			isa = PBXVariantGroup;
			children = (
				ABB75EF12587E618009AA582 /* Base */,
			);
			name = LaunchScreen.storyboard;
			sourceTree = "<group>";
		};
/* End PBXVariantGroup section */

/* Begin XCBuildConfiguration section */
		ABB75EF42587E618009AA582 /* Debug */ = {
			isa = XCBuildConfiguration;
			buildSettings = {
				ALWAYS_SEARCH_USER_PATHS = NO;
				CLANG_ANALYZER_NONNULL = YES;
				CLANG_ANALYZER_NUMBER_OBJECT_CONVERSION = YES_AGGRESSIVE;
				CLANG_CXX_LANGUAGE_STANDARD = "gnu++14";
				CLANG_CXX_LIBRARY = "libc++";
				CLANG_ENABLE_MODULES = YES;
				CLANG_ENABLE_OBJC_ARC = YES;
				CLANG_ENABLE_OBJC_WEAK = YES;
				CLANG_WARN_BLOCK_CAPTURE_AUTORELEASING = YES;
				CLANG_WARN_BOOL_CONVERSION = YES;
				CLANG_WARN_COMMA = YES;
				CLANG_WARN_CONSTANT_CONVERSION = YES;
				CLANG_WARN_DEPRECATED_OBJC_IMPLEMENTATIONS = YES;
				CLANG_WARN_DIRECT_OBJC_ISA_USAGE = YES_ERROR;
				CLANG_WARN_DOCUMENTATION_COMMENTS = YES;
				CLANG_WARN_EMPTY_BODY = YES;
				CLANG_WARN_ENUM_CONVERSION = YES;
				CLANG_WARN_INFINITE_RECURSION = YES;
				CLANG_WARN_INT_CONVERSION = YES;
				CLANG_WARN_NON_LITERAL_NULL_CONVERSION = YES;
				CLANG_WARN_OBJC_IMPLICIT_RETAIN_SELF = YES;
				CLANG_WARN_OBJC_LITERAL_CONVERSION = YES;
				CLANG_WARN_OBJC_ROOT_CLASS = YES_ERROR;
				CLANG_WARN_QUOTED_INCLUDE_IN_FRAMEWORK_HEADER = YES;
				CLANG_WARN_RANGE_LOOP_ANALYSIS = YES;
				CLANG_WARN_STRICT_PROTOTYPES = YES;
				CLANG_WARN_SUSPICIOUS_MOVE = YES;
				CLANG_WARN_UNGUARDED_AVAILABILITY = YES_AGGRESSIVE;
				CLANG_WARN_UNREACHABLE_CODE = YES;
				CLANG_WARN__DUPLICATE_METHOD_MATCH = YES;
				COPY_PHASE_STRIP = NO;
				DEBUG_INFORMATION_FORMAT = dwarf;
				ENABLE_STRICT_OBJC_MSGSEND = YES;
				ENABLE_TESTABILITY = YES;
				GCC_C_LANGUAGE_STANDARD = gnu11;
				GCC_DYNAMIC_NO_PIC = NO;
				GCC_NO_COMMON_BLOCKS = YES;
				GCC_OPTIMIZATION_LEVEL = 0;
				GCC_PREPROCESSOR_DEFINITIONS = (
					"DEBUG=1",
					"$(inherited)",
				);
				GCC_WARN_64_TO_32_BIT_CONVERSION = YES;
				GCC_WARN_ABOUT_RETURN_TYPE = YES_ERROR;
				GCC_WARN_UNDECLARED_SELECTOR = YES;
				GCC_WARN_UNINITIALIZED_AUTOS = YES_AGGRESSIVE;
				GCC_WARN_UNUSED_FUNCTION = YES;
				GCC_WARN_UNUSED_VARIABLE = YES;
				IPHONEOS_DEPLOYMENT_TARGET = 14.2;
				MTL_ENABLE_DEBUG_INFO = INCLUDE_SOURCE;
				MTL_FAST_MATH = YES;
				ONLY_ACTIVE_ARCH = YES;
				SDKROOT = iphoneos;
				SWIFT_ACTIVE_COMPILATION_CONDITIONS = DEBUG;
				SWIFT_OPTIMIZATION_LEVEL = "-Onone";
			};
			name = Debug;
		};
		ABB75EF52587E618009AA582 /* Release */ = {
			isa = XCBuildConfiguration;
			buildSettings = {
				ALWAYS_SEARCH_USER_PATHS = NO;
				CLANG_ANALYZER_NONNULL = YES;
				CLANG_ANALYZER_NUMBER_OBJECT_CONVERSION = YES_AGGRESSIVE;
				CLANG_CXX_LANGUAGE_STANDARD = "gnu++14";
				CLANG_CXX_LIBRARY = "libc++";
				CLANG_ENABLE_MODULES = YES;
				CLANG_ENABLE_OBJC_ARC = YES;
				CLANG_ENABLE_OBJC_WEAK = YES;
				CLANG_WARN_BLOCK_CAPTURE_AUTORELEASING = YES;
				CLANG_WARN_BOOL_CONVERSION = YES;
				CLANG_WARN_COMMA = YES;
				CLANG_WARN_CONSTANT_CONVERSION = YES;
				CLANG_WARN_DEPRECATED_OBJC_IMPLEMENTATIONS = YES;
				CLANG_WARN_DIRECT_OBJC_ISA_USAGE = YES_ERROR;
				CLANG_WARN_DOCUMENTATION_COMMENTS = YES;
				CLANG_WARN_EMPTY_BODY = YES;
				CLANG_WARN_ENUM_CONVERSION = YES;
				CLANG_WARN_INFINITE_RECURSION = YES;
				CLANG_WARN_INT_CONVERSION = YES;
				CLANG_WARN_NON_LITERAL_NULL_CONVERSION = YES;
				CLANG_WARN_OBJC_IMPLICIT_RETAIN_SELF = YES;
				CLANG_WARN_OBJC_LITERAL_CONVERSION = YES;
				CLANG_WARN_OBJC_ROOT_CLASS = YES_ERROR;
				CLANG_WARN_QUOTED_INCLUDE_IN_FRAMEWORK_HEADER = YES;
				CLANG_WARN_RANGE_LOOP_ANALYSIS = YES;
				CLANG_WARN_STRICT_PROTOTYPES = YES;
				CLANG_WARN_SUSPICIOUS_MOVE = YES;
				CLANG_WARN_UNGUARDED_AVAILABILITY = YES_AGGRESSIVE;
				CLANG_WARN_UNREACHABLE_CODE = YES;
				CLANG_WARN__DUPLICATE_METHOD_MATCH = YES;
				COPY_PHASE_STRIP = NO;
				DEBUG_INFORMATION_FORMAT = "dwarf-with-dsym";
				ENABLE_NS_ASSERTIONS = NO;
				ENABLE_STRICT_OBJC_MSGSEND = YES;
				GCC_C_LANGUAGE_STANDARD = gnu11;
				GCC_NO_COMMON_BLOCKS = YES;
				GCC_WARN_64_TO_32_BIT_CONVERSION = YES;
				GCC_WARN_ABOUT_RETURN_TYPE = YES_ERROR;
				GCC_WARN_UNDECLARED_SELECTOR = YES;
				GCC_WARN_UNINITIALIZED_AUTOS = YES_AGGRESSIVE;
				GCC_WARN_UNUSED_FUNCTION = YES;
				GCC_WARN_UNUSED_VARIABLE = YES;
				IPHONEOS_DEPLOYMENT_TARGET = 14.2;
				MTL_ENABLE_DEBUG_INFO = NO;
				MTL_FAST_MATH = YES;
				SDKROOT = iphoneos;
				SWIFT_COMPILATION_MODE = wholemodule;
				SWIFT_OPTIMIZATION_LEVEL = "-O";
				VALIDATE_PRODUCT = YES;
			};
			name = Release;
		};
		ABB75EF72587E618009AA582 /* Debug */ = {
			isa = XCBuildConfiguration;
			baseConfigurationReference = 2E52A47BDCF7572E814C7524 /* Pods-testIMG.debug.xcconfig */;
			buildSettings = {
				ASSETCATALOG_COMPILER_APPICON_NAME = AppIcon;
				ASSETCATALOG_COMPILER_GLOBAL_ACCENT_COLOR_NAME = AccentColor;
				CODE_SIGN_STYLE = Automatic;
				INFOPLIST_FILE = testIMG/Info.plist;
				IPHONEOS_DEPLOYMENT_TARGET = 13.0;
				LD_RUNPATH_SEARCH_PATHS = (
					"$(inherited)",
					"@executable_path/Frameworks",
				);
				PRODUCT_BUNDLE_IDENTIFIER = Petro.testIMG;
				PRODUCT_NAME = "$(TARGET_NAME)";
				SWIFT_VERSION = 5.0;
				TARGETED_DEVICE_FAMILY = 1;
			};
			name = Debug;
		};
		ABB75EF82587E618009AA582 /* Release */ = {
			isa = XCBuildConfiguration;
			baseConfigurationReference = 5D2908D94910AD4A1E4E160A /* Pods-testIMG.release.xcconfig */;
			buildSettings = {
				ASSETCATALOG_COMPILER_APPICON_NAME = AppIcon;
				ASSETCATALOG_COMPILER_GLOBAL_ACCENT_COLOR_NAME = AccentColor;
				CODE_SIGN_STYLE = Automatic;
				INFOPLIST_FILE = testIMG/Info.plist;
				IPHONEOS_DEPLOYMENT_TARGET = 13.0;
				LD_RUNPATH_SEARCH_PATHS = (
					"$(inherited)",
					"@executable_path/Frameworks",
				);
				PRODUCT_BUNDLE_IDENTIFIER = Petro.testIMG;
				PRODUCT_NAME = "$(TARGET_NAME)";
				SWIFT_VERSION = 5.0;
				TARGETED_DEVICE_FAMILY = 1;
			};
			name = Release;
		};
/* End XCBuildConfiguration section */

/* Begin XCConfigurationList section */
		ABB75EDD2587E611009AA582 /* Build configuration list for PBXProject "testIMG" */ = {
			isa = XCConfigurationList;
			buildConfigurations = (
				ABB75EF42587E618009AA582 /* Debug */,
				ABB75EF52587E618009AA582 /* Release */,
			);
			defaultConfigurationIsVisible = 0;
			defaultConfigurationName = Release;
		};
		ABB75EF62587E618009AA582 /* Build configuration list for PBXNativeTarget "testIMG" */ = {
			isa = XCConfigurationList;
			buildConfigurations = (
				ABB75EF72587E618009AA582 /* Debug */,
				ABB75EF82587E618009AA582 /* Release */,
			);
			defaultConfigurationIsVisible = 0;
			defaultConfigurationName = Release;
		};
/* End XCConfigurationList section */
	};
	rootObject = ABB75EDA2587E611009AA582 /* Project object */;
}
